
Microsoft Visual Studio Solution File, Format Version 12.00
# Visual Studio 2013
VisualStudioVersion = 12.0.40629.0
MinimumVisualStudioVersion = 10.0.40219.1
Project("{FAE04EC0-301F-11D3-BF4B-00C04F79EFBC}") = "Erp", "Erp\Erp.csproj", "{4F25F036-7C15-4DD0-9592-2A152F6D5F4D}"
EndProject
Global
	GlobalSection(SolutionConfigurationPlatforms) = preSolution
		Debug|Any CPU = Debug|Any CPU
		Release|Any CPU = Release|Any CPU
	EndGlobalSection
	GlobalSection(ProjectConfigurationPlatforms) = postSolution
		{4F25F036-7C15-4DD0-9592-2A152F6D5F4D}.Debug|Any CPU.ActiveCfg = Debug|Any CPU
		{4F25F036-7C15-4DD0-9592-2A152F6D5F4D}.Debug|Any CPU.Build.0 = Debug|Any CPU
		{4F25F036-7C15-4DD0-9592-2A152F6D5F4D}.Release|Any CPU.ActiveCfg = Release|Any CPU
		{4F25F036-7C15-4DD0-9592-2A152F6D5F4D}.Release|Any CPU.Build.0 = Release|Any CPU
	EndGlobalSection
	GlobalSection(SolutionProperties) = preSolution
		HideSolutionNode = FALSE
	EndGlobalSection
EndGlobal
